lockfileVersion: '6.0'

settings:
  autoInstallPeers: true
  excludeLinksFromLockfile: false

dependencies:
  '@botpress/client':
    specifier: 0.1.2
    version: 0.1.2
  '@botpress/sdk':
    specifier: 0.1.4
    version: 0.1.4
  axios:
    specifier: ^1.4.0
    version: 1.4.0
  shopify-api-node:
    specifier: ^3.12.5
    version: 3.12.5
  zod:
    specifier: ^3.21.4
    version: 3.21.4

devDependencies:
  '@tsconfig/node18-strictest':
    specifier: ^1.0.0
    version: 1.0.0
  '@types/node':
    specifier: ^18.11.17
    version: 18.17.0
  prettier:
    specifier: ^2.8.1
    version: 2.8.1
  ts-node:
    specifier: ^10.9.1
    version: 10.9.1(@types/node@18.17.0)(typescript@4.9.5)
  typescript:
    specifier: ^4.9.4
    version: 4.9.5

packages:
  /@botpress/client@0.1.2:
    resolution:
      { integrity: sha512-HS4NyNASQ0mQGiW7Ys8Yh59Wkoe3ATXSpCaJSpwmsAjXMObqcRnstNoUz8IO8kdOT0HR8A1yDs6S42/4BymvEg== }
    dependencies:
      axios: 1.2.5
      browser-or-node: 2.1.1
      type-fest: 3.13.1
    transitivePeerDependencies:
      - debug
    dev: false

  /@botpress/sdk@0.1.4:
    resolution:
      { integrity: sha512-NtnqKfQ/hnqxp0sim82T9ow6KOkeYwkPoxchHrle1RlYOisJLLZKFU+B/4JiAi8ccEUNhhVOkf2Ls+uLLpC/Gg== }
    dependencies:
      '@botpress/client': 0.1.2
      axios: 0.27.2
      radash: 9.5.0
      zod: 3.21.4
      zod-to-json-schema: 3.21.4(zod@3.21.4)
    transitivePeerDependencies:
      - debug
    dev: false

  /@cspotcode/source-map-support@0.8.1:
    resolution:
      { integrity: sha512-IchNf6dN4tHoMFIn/7OE8LWZ19Y6q/67Bmf6vnGREv8RSbBVb9LPJxEcnwrcwX6ixSvaiGoomAUvu4YSxXrVgw== }
    engines: { node: '>=12' }
    dependencies:
      '@jridgewell/trace-mapping': 0.3.9
    dev: true

  /@jridgewell/resolve-uri@3.1.1:
    resolution:
      { integrity: sha512-dSYZh7HhCDtCKm4QakX0xFpsRDqjjtZf/kjI/v3T3Nwt5r8/qz/M19F9ySyOqU94SXBmeG9ttTul+YnR4LOxFA== }
    engines: { node: '>=6.0.0' }
    dev: true

  /@jridgewell/sourcemap-codec@1.4.15:
    resolution:
      { integrity: sha512-eF2rxCRulEKXHTRiDrDy6erMYWqNw4LPdQ8UQA4huuxaQsVeRPFl2oM8oDGxMFhJUWZf9McpLtJasDDZb/Bpeg== }
    dev: true

  /@jridgewell/trace-mapping@0.3.9:
    resolution:
      { integrity: sha512-3Belt6tdc8bPgAtbcmdtNJlirVoTmEb5e2gC94PnkwEW9jI6CAHUeoG85tjWP5WquqfavoMtMwiG4P926ZKKuQ== }
    dependencies:
      '@jridgewell/resolve-uri': 3.1.1
      '@jridgewell/sourcemap-codec': 1.4.15
    dev: true

  /@sindresorhus/is@4.6.0:
    resolution:
      { integrity: sha512-t09vSN3MdfsyCHoFcTRCH/iUtG7OJ0CsjzB8cjAmKc/va/kIgeDI/TxsigdncE/4be734m0cvIYwNaV4i2XqAw== }
    engines: { node: '>=10' }
    dev: false

  /@szmarczak/http-timer@4.0.6:
    resolution:
      { integrity: sha512-4BAffykYOgO+5nzBWYwE3W90sBgLJoUPRWWcL8wlyiM8IB8ipJz3UMJ9KXQd1RKQXpKp8Tutn80HZtWsu2u76w== }
    engines: { node: '>=10' }
    dependencies:
      defer-to-connect: 2.0.1
    dev: false

  /@tsconfig/node10@1.0.9:
    resolution:
      { integrity: sha512-jNsYVVxU8v5g43Erja32laIDHXeoNvFEpX33OK4d6hljo3jDhCBDhx5dhCCTMWUojscpAagGiRkBKxpdl9fxqA== }
    dev: true

  /@tsconfig/node12@1.0.11:
    resolution:
      { integrity: sha512-cqefuRsh12pWyGsIoBKJA9luFu3mRxCA+ORZvA4ktLSzIuCUtWVxGIuXigEwO5/ywWFMZ2QEGKWvkZG1zDMTag== }
    dev: true

  /@tsconfig/node14@1.0.3:
    resolution:
      { integrity: sha512-ysT8mhdixWK6Hw3i1V2AeRqZ5WfXg1G43mqoYlM2nc6388Fq5jcXyr5mRsqViLx/GJYdoL0bfXD8nmF+Zn/Iow== }
    dev: true

  /@tsconfig/node16@1.0.4:
    resolution:
      { integrity: sha512-vxhUy4J8lyeyinH7Azl1pdd43GJhZH/tP2weN8TntQblOY+A0XbT8DJk1/oCPuOOyg/Ja757rG0CgHcWC8OfMA== }
    dev: true

  /@tsconfig/node18-strictest@1.0.0:
    resolution:
      { integrity: sha512-bOuNKwO4Fzbt+Su5wqI9zNHwx5C25gLnutwVQA1sBZk0cW8UjVPVcwzIUhJIIJDUx7zDEbAwdCD2HfvIsV8dYg== }
    deprecated: TypeScript 5.0 supports combining TSConfigs using array syntax in extends
    dev: true

  /@types/cacheable-request@6.0.3:
    resolution:
      { integrity: sha512-IQ3EbTzGxIigb1I3qPZc1rWJnH0BmSKv5QYTalEwweFvyBDLSAe24zP0le/hyi7ecGfZVlIVAg4BZqb8WBwKqw== }
    dependencies:
      '@types/http-cache-semantics': 4.0.1
      '@types/keyv': 3.1.4
      '@types/node': 18.17.0
      '@types/responselike': 1.0.0
    dev: false

  /@types/http-cache-semantics@4.0.1:
    resolution:
      { integrity: sha512-SZs7ekbP8CN0txVG2xVRH6EgKmEm31BOxA07vkFaETzZz1xh+cbt8BcI0slpymvwhx5dlFnQG2rTlPVQn+iRPQ== }
    dev: false

  /@types/keyv@3.1.4:
    resolution:
      { integrity: sha512-BQ5aZNSCpj7D6K2ksrRCTmKRLEpnPvWDiLPfoGyhZ++8YtiK9d/3DBKPJgry359X/P1PfruyYwvnvwFjuEiEIg== }
    dependencies:
      '@types/node': 18.17.0
    dev: false

  /@types/node@18.17.0:
    resolution:
      { integrity: sha512-GXZxEtOxYGFchyUzxvKI14iff9KZ2DI+A6a37o6EQevtg6uO9t+aUZKcaC1Te5Ng1OnLM7K9NVVj+FbecD9cJg== }

  /@types/responselike@1.0.0:
    resolution:
      { integrity: sha512-85Y2BjiufFzaMIlvJDvTTB8Fxl2xfLo4HgmHzVBz08w4wDePCTjYw66PdrolO0kzli3yam/YCgRufyo1DdQVTA== }
    dependencies:
      '@types/node': 18.17.0
    dev: false

  /acorn-walk@8.2.0:
    resolution:
      { integrity: sha512-k+iyHEuPgSw6SbuDpGQM+06HQUa04DZ3o+F6CSzXMvvI5KMvnaEqXe+YVe555R9nn6GPt404fos4wcgpw12SDA== }
    engines: { node: '>=0.4.0' }
    dev: true

  /acorn@8.10.0:
    resolution:
      { integrity: sha512-F0SAmZ8iUtS//m8DmCTA0jlh6TDKkHQyK6xc6V4KDTyZKA9dnvX9/3sRTVQrWm79glUAZbnmmNcdYwUIHWVybw== }
    engines: { node: '>=0.4.0' }
    hasBin: true
    dev: true

  /arg@4.1.3:
    resolution:
      { integrity: sha512-58S9QDqG0Xx27YwPSt9fJxivjYl432YCwfDMfZ+71RAqUrZef7LrKQZ3LHLOwCS4FLNBplP533Zx895SeOCHvA== }
    dev: true

  /asynckit@0.4.0:
    resolution:
      { integrity: sha512-Oei9OH4tRh0YqU3GxhX79dM/mwVgvbZJaSNaRk+bshkj0S5cfHcgYakreBjrHwatXKbz+IoIdYLxrKim2MjW0Q== }
    dev: false

  /axios@0.27.2:
    resolution:
      { integrity: sha512-t+yRIyySRTp/wua5xEr+z1q60QmLq8ABsS5O9Me1AsE5dfKqgnCFzwiCZZ/cGNd1lq4/7akDWMxdhVlucjmnOQ== }
    dependencies:
      follow-redirects: 1.15.2
      form-data: 4.0.0
    transitivePeerDependencies:
      - debug
    dev: false

  /axios@1.2.5:
    resolution:
      { integrity: sha512-9pU/8mmjSSOb4CXVsvGIevN+MlO/t9OWtKadTaLuN85Gge3HGorUckgp8A/2FH4V4hJ7JuQ3LIeI7KAV9ITZrQ== }
    dependencies:
      follow-redirects: 1.15.2
      form-data: 4.0.0
      proxy-from-env: 1.1.0
    transitivePeerDependencies:
      - debug
    dev: false

  /axios@1.4.0:
    resolution:
      { integrity: sha512-S4XCWMEmzvo64T9GfvQDOXgYRDJ/wsSZc7Jvdgx5u1sd0JwsuPLqb3SYmusag+edF6ziyMensPVqLTSc1PiSEA== }
    dependencies:
      follow-redirects: 1.15.2
      form-data: 4.0.0
      proxy-from-env: 1.1.0
    transitivePeerDependencies:
      - debug
    dev: false

  /browser-or-node@2.1.1:
    resolution:
      { integrity: sha512-8CVjaLJGuSKMVTxJ2DpBl5XnlNDiT4cQFeuCJJrvJmts9YrTZDizTX7PjC2s6W4x+MBGZeEY6dGMrF04/6Hgqg== }
    dev: false

  /cacheable-lookup@5.0.4:
    resolution:
      { integrity: sha512-2/kNscPhpcxrOigMZzbiWF7dz8ilhb/nIHU3EyZiXWXpeq/au8qJ8VhdftMkty3n7Gj6HIGalQG8oiBNB3AJgA== }
    engines: { node: '>=10.6.0' }
    dev: false

  /cacheable-request@7.0.4:
    resolution:
      { integrity: sha512-v+p6ongsrp0yTGbJXjgxPow2+DL93DASP4kXCDKb8/bwRtt9OEF3whggkkDkGNzgcWy2XaF4a8nZglC7uElscg== }
    engines: { node: '>=8' }
    dependencies:
      clone-response: 1.0.3
      get-stream: 5.2.0
      http-cache-semantics: 4.1.1
      keyv: 4.5.3
      lowercase-keys: 2.0.0
      normalize-url: 6.1.0
      responselike: 2.0.1
    dev: false

  /call-bind@1.0.2:
    resolution:
      { integrity: sha512-7O+FbCihrB5WGbFYesctwmTKae6rOiIzmz1icreWJ+0aA7LJfuqhEso2T9ncpcFtzMQtzXf2QGGueWJGTYsqrA== }
    dependencies:
      function-bind: 1.1.1
      get-intrinsic: 1.2.1
    dev: false

  /clone-response@1.0.3:
    resolution:
      { integrity: sha512-ROoL94jJH2dUVML2Y/5PEDNaSHgeOdSDicUyS7izcF63G6sTc/FTjLub4b8Il9S8S0beOfYt0TaA5qvFK+w0wA== }
    dependencies:
      mimic-response: 1.0.1
    dev: false

  /combined-stream@1.0.8:
    resolution:
      { integrity: sha512-FQN4MRfuJeHf7cBbBMJFXhKSDq+2kAArBlmRBvcvFE5BB1HZKXtSFASDhdlz9zOYwxh8lDdnvmMOe/+5cdoEdg== }
    engines: { node: '>= 0.8' }
    dependencies:
      delayed-stream: 1.0.0
    dev: false

  /create-require@1.1.1:
    resolution:
      { integrity: sha512-dcKFX3jn0MpIaXjisoRvexIJVEKzaq7z2rZKxf+MSr9TkdmHmsU4m2lcLojrj/FHl8mk5VxMmYA+ftRkP/3oKQ== }
    dev: true

  /decompress-response@6.0.0:
    resolution:
      { integrity: sha512-aW35yZM6Bb/4oJlZncMH2LCoZtJXTRxES17vE3hoRiowU2kWHaJKFkSBDnDR+cm9J+9QhXmREyIfv0pji9ejCQ== }
    engines: { node: '>=10' }
    dependencies:
      mimic-response: 3.1.0
    dev: false

  /defer-to-connect@2.0.1:
    resolution:
      { integrity: sha512-4tvttepXG1VaYGrRibk5EwJd1t4udunSOVMdLSAL6mId1ix438oPwPZMALY41FCijukO1L0twNcGsdzS7dHgDg== }
    engines: { node: '>=10' }
    dev: false

  /delayed-stream@1.0.0:
    resolution:
      { integrity: sha512-ZySD7Nf91aLB0RxL4KGrKHBXl7Eds1DAmEdcoVawXnLD7SDhpNgtuII2aAkg7a7QS41jxPSZ17p4VdGnMHk3MQ== }
    engines: { node: '>=0.4.0' }
    dev: false

  /diff@4.0.2:
    resolution:
      { integrity: sha512-58lmxKSA4BNyLz+HHMUzlOEpg09FV+ev6ZMe3vJihgdxzgcwZ8VoEEPmALCZG9LmqfVoNMMKpttIYTVG6uDY7A== }
    engines: { node: '>=0.3.1' }
    dev: true

  /end-of-stream@1.4.4:
    resolution:
      { integrity: sha512-+uw1inIHVPQoaVuHzRyXd21icM+cnt4CzD5rW+NC1wjOUSTOs+Te7FOv7AhN7vS9x/oIyhLP5PR1H+phQAHu5Q== }
    dependencies:
      once: 1.4.0
    dev: false

  /follow-redirects@1.15.2:
    resolution:
      { integrity: sha512-VQLG33o04KaQ8uYi2tVNbdrWp1QWxNNea+nmIB4EVM28v0hmP17z7aG1+wAkNzVq4KeXTq3221ye5qTJP91JwA== }
    engines: { node: '>=4.0' }
    peerDependencies:
      debug: '*'
    peerDependenciesMeta:
      debug:
        optional: true
    dev: false

  /form-data@4.0.0:
    resolution:
      { integrity: sha512-ETEklSGi5t0QMZuiXoA/Q6vcnxcLQP5vdugSpuAyi6SVGi2clPPp+xgEhuMaHC+zGgn31Kd235W35f7Hykkaww== }
    engines: { node: '>= 6' }
    dependencies:
      asynckit: 0.4.0
      combined-stream: 1.0.8
      mime-types: 2.1.35
    dev: false

  /function-bind@1.1.1:
    resolution:
      { integrity: sha512-yIovAzMX49sF8Yl58fSCWJ5svSLuaibPxXQJFLmBObTuCr0Mf1KiPopGM9NiFjiYBCbfaa2Fh6breQ6ANVTI0A== }
    dev: false

  /get-intrinsic@1.2.1:
    resolution:
      { integrity: sha512-2DcsyfABl+gVHEfCOaTrWgyt+tb6MSEGmKq+kI5HwLbIYgjgmMcV8KQ41uaKz1xxUcn9tJtgFbQUEVcEbd0FYw== }
    dependencies:
      function-bind: 1.1.1
      has: 1.0.3
      has-proto: 1.0.1
      has-symbols: 1.0.3
    dev: false

  /get-stream@5.2.0:
    resolution:
      { integrity: sha512-nBF+F1rAZVCu/p7rjzgA+Yb4lfYXrpl7a6VmJrU8wF9I1CKvP/QwPNZHnOlwbTkY6dvtFIzFMSyQXbLoTQPRpA== }
    engines: { node: '>=8' }
    dependencies:
      pump: 3.0.0
    dev: false

  /got@11.8.6:
    resolution:
      { integrity: sha512-6tfZ91bOr7bOXnK7PRDCGBLa1H4U080YHNaAQ2KsMGlLEzRbk44nsZF2E1IeRc3vtJHPVbKCYgdFbaGO2ljd8g== }
    engines: { node: '>=10.19.0' }
    dependencies:
      '@sindresorhus/is': 4.6.0
      '@szmarczak/http-timer': 4.0.6
      '@types/cacheable-request': 6.0.3
      '@types/responselike': 1.0.0
      cacheable-lookup: 5.0.4
      cacheable-request: 7.0.4
      decompress-response: 6.0.0
      http2-wrapper: 1.0.3
      lowercase-keys: 2.0.0
      p-cancelable: 2.1.1
      responselike: 2.0.1
    dev: false

  /has-proto@1.0.1:
    resolution:
      { integrity: sha512-7qE+iP+O+bgF9clE5+UoBFzE65mlBiVj3tKCrlNQ0Ogwm0BjpT/gK4SlLYDMybDh5I3TCTKnPPa0oMG7JDYrhg== }
    engines: { node: '>= 0.4' }
    dev: false

  /has-symbols@1.0.3:
    resolution:
      { integrity: sha512-l3LCuF6MgDNwTDKkdYGEihYjt5pRPbEg46rtlmnSPlUbgmB8LOIrKJbYYFBSbnPaJexMKtiPO8hmeRjRz2Td+A== }
    engines: { node: '>= 0.4' }
    dev: false

  /has@1.0.3:
    resolution:
      { integrity: sha512-f2dvO0VU6Oej7RkWJGrehjbzMAjFp5/VKPp5tTpWIV4JHHZK1/BxbFRtf/siA2SWTe09caDmVtYYzWEIbBS4zw== }
    engines: { node: '>= 0.4.0' }
    dependencies:
      function-bind: 1.1.1
    dev: false

  /http-cache-semantics@4.1.1:
    resolution:
      { integrity: sha512-er295DKPVsV82j5kw1Gjt+ADA/XYHsajl82cGNQG2eyoPkvgUhX+nDIyelzhIWbbsXP39EHcI6l5tYs2FYqYXQ== }
    dev: false

  /http2-wrapper@1.0.3:
    resolution:
      { integrity: sha512-V+23sDMr12Wnz7iTcDeJr3O6AIxlnvT/bmaAAAP/Xda35C90p9599p0F1eHR/N1KILWSoWVAiOMFjBBXaXSMxg== }
    engines: { node: '>=10.19.0' }
    dependencies:
      quick-lru: 5.1.1
      resolve-alpn: 1.2.1
    dev: false

  /json-buffer@3.0.1:
    resolution:
      { integrity: sha512-4bV5BfR2mqfQTJm+V5tPPdf+ZpuhiIvTuAB5g8kcrXOZpTT/QwwVRWBywX1ozr6lEuPdbHxwaJlm9G6mI2sfSQ== }
    dev: false

  /keyv@4.5.3:
    resolution:
      { integrity: sha512-QCiSav9WaX1PgETJ+SpNnx2PRRapJ/oRSXM4VO5OGYGSjrxbKPVFVhB3l2OCbLCk329N8qyAtsJjSjvVBWzEug== }
    dependencies:
      json-buffer: 3.0.1
    dev: false

  /lodash@4.17.21:
    resolution:
      { integrity: sha512-v2kDEe57lecTulaDIuNTPy3Ry4gLGJ6Z1O3vE1krgXZNrsQ+LFTGHVxVjcXPs17LhbZVGedAJv8XZ1tvj5FvSg== }
    dev: false

  /lowercase-keys@2.0.0:
    resolution:
      { integrity: sha512-tqNXrS78oMOE73NMxK4EMLQsQowWf8jKooH9g7xPavRT706R6bkQJ6DY2Te7QukaZsulxa30wQ7bk0pm4XiHmA== }
    engines: { node: '>=8' }
    dev: false

  /make-error@1.3.6:
    resolution:
      { integrity: sha512-s8UhlNe7vPKomQhC1qFelMokr/Sc3AgNbso3n74mVPA5LTZwkB9NlXf4XPamLxJE8h0gh73rM94xvwRT2CVInw== }
    dev: true

  /mime-db@1.52.0:
    resolution:
      { integrity: sha512-sPU4uV7dYlvtWJxwwxHD0PuihVNiE7TyAbQ5SWxDCB9mUYvOgroQOwYQQOKPJ8CIbE+1ETVlOoK1UC2nU3gYvg== }
    engines: { node: '>= 0.6' }
    dev: false

  /mime-types@2.1.35:
    resolution:
      { integrity: sha512-ZDY+bPm5zTTF+YpCrAU9nK0UgICYPT0QtT1NZWFv4s++TNkcgVaT0g6+4R2uI4MjQjzysHB1zxuWL50hzaeXiw== }
    engines: { node: '>= 0.6' }
    dependencies:
      mime-db: 1.52.0
    dev: false

  /mimic-response@1.0.1:
    resolution:
      { integrity: sha512-j5EctnkH7amfV/q5Hgmoal1g2QHFJRraOtmx0JpIqkxhBhI/lJSl1nMpQ45hVarwNETOoWEimndZ4QK0RHxuxQ== }
    engines: { node: '>=4' }
    dev: false

  /mimic-response@3.1.0:
    resolution:
      { integrity: sha512-z0yWI+4FDrrweS8Zmt4Ej5HdJmky15+L2e6Wgn3+iK5fWzb6T3fhNFq2+MeTRb064c6Wr4N/wv0DzQTjNzHNGQ== }
    engines: { node: '>=10' }
    dev: false

  /normalize-url@6.1.0:
    resolution:
      { integrity: sha512-DlL+XwOy3NxAQ8xuC0okPgK46iuVNAK01YN7RueYBqqFeGsBjV9XmCAzAdgt+667bCl5kPh9EqKKDwnaPG1I7A== }
    engines: { node: '>=10' }
    dev: false

  /object-inspect@1.12.3:
    resolution:
      { integrity: sha512-geUvdk7c+eizMNUDkRpW1wJwgfOiOeHbxBR/hLXK1aT6zmVSO0jsQcs7fj6MGw89jC/cjGfLcNOrtMYtGqm81g== }
    dev: false

  /once@1.4.0:
    resolution:
      { integrity: sha512-lNaJgI+2Q5URQBkccEKHTQOPaXdUxnZZElQTZY0MFUAuaEqe1E+Nyvgdz/aIyNi6Z9MzO5dv1H8n58/GELp3+w== }
    dependencies:
      wrappy: 1.0.2
    dev: false

  /p-cancelable@2.1.1:
    resolution:
      { integrity: sha512-BZOr3nRQHOntUjTrH8+Lh54smKHoHyur8We1V8DSMVrl5A2malOOwuJRnKRDjSnkoeBh4at6BwEnb5I7Jl31wg== }
    engines: { node: '>=8' }
    dev: false

  /prettier@2.8.1:
    resolution:
      { integrity: sha512-lqGoSJBQNJidqCHE80vqZJHWHRFoNYsSpP9AjFhlhi9ODCJA541svILes/+/1GM3VaL/abZi7cpFzOpdR9UPKg== }
    engines: { node: '>=10.13.0' }
    hasBin: true
    dev: true

  /proxy-from-env@1.1.0:
    resolution:
      { integrity: sha512-D+zkORCbA9f1tdWRK0RaCR3GPv50cMxcrz4X8k5LTSUD1Dkw47mKJEZQNunItRTkWwgtaUSo1RVFRIG9ZXiFYg== }
    dev: false

  /pump@3.0.0:
    resolution:
      { integrity: sha512-LwZy+p3SFs1Pytd/jYct4wpv49HiYCqd9Rlc5ZVdk0V+8Yzv6jR5Blk3TRmPL1ft69TxP0IMZGJ+WPFU2BFhww== }
    dependencies:
      end-of-stream: 1.4.4
      once: 1.4.0
    dev: false

  /qs@6.11.2:
    resolution:
      { integrity: sha512-tDNIz22aBzCDxLtVH++VnTfzxlfeK5CbqohpSqpJgj1Wg/cQbStNAz3NuqCs5vV+pjBsK4x4pN9HlVh7rcYRiA== }
    engines: { node: '>=0.6' }
    dependencies:
      side-channel: 1.0.4
    dev: false

  /quick-lru@5.1.1:
    resolution:
      { integrity: sha512-WuyALRjWPDGtt/wzJiadO5AXY+8hZ80hVpe6MyivgraREW751X3SbhRvG3eLKOYN+8VEvqLcf3wdnt44Z4S4SA== }
    engines: { node: '>=10' }
    dev: false

  /radash@9.5.0:
    resolution:
      { integrity: sha512-t0s8BJlvrk8YPaOS8X0J2xzqAsBlXAUkDEjoBXwlzaXsXNCpBILjT9OvWlabLa2KB/r4XrhThdXjxMs7SiCyIw== }
    engines: { node: '>=14.18.0' }
    dev: false

  /resolve-alpn@1.2.1:
    resolution:
      { integrity: sha512-0a1F4l73/ZFZOakJnQ3FvkJ2+gSTQWz/r2KE5OdDY0TxPm5h4GkqkWWfM47T7HsbnOtcJVEF4epCVy6u7Q3K+g== }
    dev: false

  /responselike@2.0.1:
    resolution:
      { integrity: sha512-4gl03wn3hj1HP3yzgdI7d3lCkF95F21Pz4BPGvKHinyQzALR5CapwC8yIi0Rh58DEMQ/SguC03wFj2k0M/mHhw== }
    dependencies:
      lowercase-keys: 2.0.0
    dev: false

  /shopify-api-node@3.12.5:
    resolution:
      { integrity: sha512-A8uLkyxQWkEHcQDRtmIlTY8bRQDsa9KZrrGzarlH7bLZ6QwsfTCwoISYCuzJrF9dgMuilUVsv1VCMflf9lVWVg== }
    engines: { node: '>=10.0.0' }
    dependencies:
      got: 11.8.6
      lodash: 4.17.21
      qs: 6.11.2
      stopcock: 1.1.0
    dev: false

  /side-channel@1.0.4:
    resolution:
      { integrity: sha512-q5XPytqFEIKHkGdiMIrY10mvLRvnQh42/+GoBlFW3b2LXLE2xxJpZFdm94we0BaoV3RwJyGqg5wS7epxTv0Zvw== }
    dependencies:
      call-bind: 1.0.2
      get-intrinsic: 1.2.1
      object-inspect: 1.12.3
    dev: false

  /stopcock@1.1.0:
    resolution:
      { integrity: sha512-SNTAH55X9Ra5uE1JIxiPT3WwZiNMTcdCup+7qWOULNVUqiqi62qctNJ+x1R4znNudtkyu8LGc7Ok6Ldt+8N5iQ== }
    engines: { node: '>=4.0.0' }
    dev: false

  /ts-node@10.9.1(@types/node@18.17.0)(typescript@4.9.5):
    resolution:
      { integrity: sha512-NtVysVPkxxrwFGUUxGYhfux8k78pQB3JqYBXlLRZgdGUqTO5wU/UyHop5p70iEbGhB7q5KmiZiU0Y3KlJrScEw== }
    hasBin: true
    peerDependencies:
      '@swc/core': '>=1.2.50'
      '@swc/wasm': '>=1.2.50'
      '@types/node': '*'
      typescript: '>=2.7'
    peerDependenciesMeta:
      '@swc/core':
        optional: true
      '@swc/wasm':
        optional: true
    dependencies:
      '@cspotcode/source-map-support': 0.8.1
      '@tsconfig/node10': 1.0.9
      '@tsconfig/node12': 1.0.11
      '@tsconfig/node14': 1.0.3
      '@tsconfig/node16': 1.0.4
      '@types/node': 18.17.0
      acorn: 8.10.0
      acorn-walk: 8.2.0
      arg: 4.1.3
      create-require: 1.1.1
      diff: 4.0.2
      make-error: 1.3.6
      typescript: 4.9.5
      v8-compile-cache-lib: 3.0.1
      yn: 3.1.1
    dev: true

  /type-fest@3.13.1:
    resolution:
      { integrity: sha512-tLq3bSNx+xSpwvAJnzrK0Ep5CLNWjvFTOp71URMaAEWBfRb9nnJiBoUe0tF8bI4ZFO3omgBR6NvnbzVUT3Ly4g== }
    engines: { node: '>=14.16' }
    dev: false

  /typescript@4.9.5:
    resolution:
      { integrity: sha512-1FXk9E2Hm+QzZQ7z+McJiHL4NW1F2EzMu9Nq9i3zAaGqibafqYwCVU6WyWAuyQRRzOlxou8xZSyXLEN8oKj24g== }
    engines: { node: '>=4.2.0' }
    hasBin: true
    dev: true

  /v8-compile-cache-lib@3.0.1:
    resolution:
      { integrity: sha512-wa7YjyUGfNZngI/vtK0UHAN+lgDCxBPCylVXGp0zu59Fz5aiGtNXaq3DhIov063MorB+VfufLh3JlF2KdTK3xg== }
    dev: true

  /wrappy@1.0.2:
    resolution:
      { integrity: sha512-l4Sp/DRseor9wL6EvV2+TuQn63dMkPjZ/sp9XkghTEbV9KlPS1xUsZ3u7/IQO4wxtcFB4bgpQPRcR3QCvezPcQ== }
    dev: false

  /yn@3.1.1:
    resolution:
      { integrity: sha512-Ux4ygGWsu2c7isFWe8Yu1YluJmqVhxqK2cLXNQA5AcC3QfbGNpM7fu0Y8b/z16pXLnFxZYvWhd3fhBY9DLmC6Q== }
    engines: { node: '>=6' }
    dev: true

  /zod-to-json-schema@3.21.4(zod@3.21.4):
    resolution:
      { integrity: sha512-fjUZh4nQ1s6HMccgIeE0VP4QG/YRGPmyjO9sAh890aQKPEk3nqbfUXhMFaC+Dr5KvYBm8BCyvfpZf2jY9aGSsw== }
    peerDependencies:
      zod: ^3.21.4
    dependencies:
      zod: 3.21.4
    dev: false

  /zod@3.21.4:
    resolution:
      { integrity: sha512-m46AKbrzKVzOzs/DZgVnG5H55N1sv1M8qZU3A8RIKbs3mrACDNeIOeilDymVb2HdmP8uwshOCF4uJ8uM9rCqJw== }
    dev: false
