lockfileVersion: '9.0'

settings:
  autoInstallPeers: true
  excludeLinksFromLockfile: false

importers:

  .:
    dependencies:
      '@aws-sdk/client-sesv2':
        specifier: ^3.883.0
        version: 3.922.0
      '@botpress/client':
        specifier: 1.22.2
        version: 1.22.2
      '@botpress/sdk':
        specifier: 4.15.3
        version: 4.15.3(@bpinternal/zui@1.2.2)
    devDependencies:
      '@types/node':
        specifier: ^22.16.4
        version: 22.19.0
      typescript:
        specifier: ^5.6.3
        version: 5.9.3

packages:

  '@aws-crypto/sha256-browser@5.2.0':
    resolution: {integrity: sha512-AXfN/lGotSQwu6HNcEsIASo7kWXZ5HYWvfOmSNKDsEqC4OashTp8alTmaz+F7TC2L083SFv5RdB+qU3Vs1kZqw==}

  '@aws-crypto/sha256-js@5.2.0':
    resolution: {integrity: sha512-FFQQyu7edu4ufvIZ+OadFpHHOt+eSTBaYaki44c+akjg7qZg9oOQeLlk77F6tSYqjDAFClrHJk9tMf0HdVyOvA==}
    engines: {node: '>=16.0.0'}

  '@aws-crypto/supports-web-crypto@5.2.0':
    resolution: {integrity: sha512-iAvUotm021kM33eCdNfwIN//F77/IADDSs58i+MDaOqFrVjZo9bAal0NK7HurRuWLLpF1iLX7gbWrjHjeo+YFg==}

  '@aws-crypto/util@5.2.0':
    resolution: {integrity: sha512-4RkU9EsI6ZpBve5fseQlGNUWKMa1RLPQ1dnjnQoe07ldfIzcsGb5hC5W0Dm7u423KWzawlrpbjXBrXCEv9zazQ==}

  '@aws-sdk/client-sesv2@3.922.0':
    resolution: {integrity: sha512-cowHCdzir4KmT/MoRyp2RV3BAebjcpiyKU1pidu2D1lI87iGXlxNG7KXJ0W8mjQoGpKa2XcihDY/mtqd/6uVlA==}
    engines: {node: '>=18.0.0'}

  '@aws-sdk/client-sso@3.922.0':
    resolution: {integrity: sha512-jdHs7uy7cSpiMvrxhYmqHyJxgK7hyqw4plG8OQ4YTBpq0SbfAxdoOuOkwJ1IVUUQho4otR1xYYjiX/8e8J8qwQ==}
    engines: {node: '>=18.0.0'}

  '@aws-sdk/core@3.922.0':
    resolution: {integrity: sha512-EvfP4cqJfpO3L2v5vkIlTkMesPtRwWlMfsaW6Tpfm7iYfBOuTi6jx60pMDMTyJNVfh6cGmXwh/kj1jQdR+w99Q==}
    engines: {node: '>=18.0.0'}

  '@aws-sdk/credential-provider-env@3.922.0':
    resolution: {integrity: sha512-WikGQpKkROJSK3D3E7odPjZ8tU7WJp5/TgGdRuZw3izsHUeH48xMv6IznafpRTmvHcjAbDQj4U3CJZNAzOK/OQ==}
    engines: {node: '>=18.0.0'}

  '@aws-sdk/credential-provider-http@3.922.0':
    resolution: {integrity: sha512-i72DgHMK7ydAEqdzU0Duqh60Q8W59EZmRJ73y0Y5oFmNOqnYsAI+UXyOoCsubp+Dkr6+yOwAn1gPt1XGE9Aowg==}
    engines: {node: '>=18.0.0'}

  '@aws-sdk/credential-provider-ini@3.922.0':
    resolution: {integrity: sha512-bVF+pI5UCLNkvbiZr/t2fgTtv84s8FCdOGAPxQiQcw5qOZywNuuCCY3wIIchmQr6GJr8YFkEp5LgDCac5EC5aQ==}
    engines: {node: '>=18.0.0'}

  '@aws-sdk/credential-provider-node@3.922.0':
    resolution: {integrity: sha512-agCwaD6mBihToHkjycL8ObIS2XOnWypWZZWhJSoWyHwFrhEKz1zGvgylK9Dc711oUfU+zU6J8e0JPKNJMNb3BQ==}
    engines: {node: '>=18.0.0'}

  '@aws-sdk/credential-provider-process@3.922.0':
    resolution: {integrity: sha512-1DZOYezT6okslpvMW7oA2q+y17CJd4fxjNFH0jtThfswdh9CtG62+wxenqO+NExttq0UMaKisrkZiVrYQBTShw==}
    engines: {node: '>=18.0.0'}

  '@aws-sdk/credential-provider-sso@3.922.0':
    resolution: {integrity: sha512-nbD3G3hShTYxLCkKMqLkLPtKwAAfxdY/k9jHtZmVBFXek2T6tQrqZHKxlAu+fd23Ga4/Aik7DLQQx1RA1a5ipg==}
    engines: {node: '>=18.0.0'}

  '@aws-sdk/credential-provider-web-identity@3.922.0':
    resolution: {integrity: sha512-wjGIhgMHGGQfQTdFaJphNOKyAL8wZs6znJdHADPVURmgR+EWLyN/0fDO1u7wx8xaLMZpbHIFWBEvf9TritR/cQ==}
    engines: {node: '>=18.0.0'}

  '@aws-sdk/middleware-host-header@3.922.0':
    resolution: {integrity: sha512-HPquFgBnq/KqKRVkiuCt97PmWbKtxQ5iUNLEc6FIviqOoZTmaYG3EDsIbuFBz9C4RHJU4FKLmHL2bL3FEId6AA==}
    engines: {node: '>=18.0.0'}

  '@aws-sdk/middleware-logger@3.922.0':
    resolution: {integrity: sha512-AkvYO6b80FBm5/kk2E636zNNcNgjztNNUxpqVx+huyGn9ZqGTzS4kLqW2hO6CBe5APzVtPCtiQsXL24nzuOlAg==}
    engines: {node: '>=18.0.0'}

  '@aws-sdk/middleware-recursion-detection@3.922.0':
    resolution: {integrity: sha512-TtSCEDonV/9R0VhVlCpxZbp/9sxQvTTRKzIf8LxW3uXpby6Wl8IxEciBJlxmSkoqxh542WRcko7NYODlvL/gDA==}
    engines: {node: '>=18.0.0'}

  '@aws-sdk/middleware-sdk-s3@3.922.0':
    resolution: {integrity: sha512-ygg8lME1oFAbsH42ed2wtGqfHLoT5irgx6VC4X98j79fV1qXEwwwbqMsAiMQ/HJehpjqAFRVsHox3MHLN48Z5A==}
    engines: {node: '>=18.0.0'}

  '@aws-sdk/middleware-user-agent@3.922.0':
    resolution: {integrity: sha512-N4Qx/9KP3oVQBJOrSghhz8iZFtUC2NNeSZt88hpPhbqAEAtuX8aD8OzVcpnAtrwWqy82Yd2YTxlkqMGkgqnBsQ==}
    engines: {node: '>=18.0.0'}

  '@aws-sdk/nested-clients@3.922.0':
    resolution: {integrity: sha512-uYvKCF1TGh/MuJ4TMqmUM0Csuao02HawcseG4LUDyxdUsd/EFuxalWq1Cx4fKZQ2K8F504efZBjctMAMNY+l7A==}
    engines: {node: '>=18.0.0'}

  '@aws-sdk/region-config-resolver@3.922.0':
    resolution: {integrity: sha512-44Y/rNNwhngR2KHp6gkx//TOr56/hx6s4l+XLjOqH7EBCHL7XhnrT1y92L+DLiroVr1tCSmO8eHQwBv0Y2+mvw==}
    engines: {node: '>=18.0.0'}

  '@aws-sdk/signature-v4-multi-region@3.922.0':
    resolution: {integrity: sha512-mmsgEEL5pE+A7gFYiJMDBCLVciaXq4EFI5iAP7bPpnHvOplnNOYxVy2IreKMllGvrfjVyLnwxzZYlo5zZ65FWg==}
    engines: {node: '>=18.0.0'}

  '@aws-sdk/token-providers@3.922.0':
    resolution: {integrity: sha512-/inmPnjZE0ZBE16zaCowAvouSx05FJ7p6BQYuzlJ8vxEU0sS0Hf8fvhuiRnN9V9eDUPIBY+/5EjbMWygXL4wlQ==}
    engines: {node: '>=18.0.0'}

  '@aws-sdk/types@3.922.0':
    resolution: {integrity: sha512-eLA6XjVobAUAMivvM7DBL79mnHyrm+32TkXNWZua5mnxF+6kQCfblKKJvxMZLGosO53/Ex46ogim8IY5Nbqv2w==}
    engines: {node: '>=18.0.0'}

  '@aws-sdk/util-arn-parser@3.893.0':
    resolution: {integrity: sha512-u8H4f2Zsi19DGnwj5FSZzDMhytYF/bCh37vAtBsn3cNDL3YG578X5oc+wSX54pM3tOxS+NY7tvOAo52SW7koUA==}
    engines: {node: '>=18.0.0'}

  '@aws-sdk/util-endpoints@3.922.0':
    resolution: {integrity: sha512-4ZdQCSuNMY8HMlR1YN4MRDdXuKd+uQTeKIr5/pIM+g3TjInZoj8imvXudjcrFGA63UF3t92YVTkBq88mg58RXQ==}
    engines: {node: '>=18.0.0'}

  '@aws-sdk/util-locate-window@3.893.0':
    resolution: {integrity: sha512-T89pFfgat6c8nMmpI8eKjBcDcgJq36+m9oiXbcUzeU55MP9ZuGgBomGjGnHaEyF36jenW9gmg3NfZDm0AO2XPg==}
    engines: {node: '>=18.0.0'}

  '@aws-sdk/util-user-agent-browser@3.922.0':
    resolution: {integrity: sha512-qOJAERZ3Plj1st7M4Q5henl5FRpE30uLm6L9edZqZXGR6c7ry9jzexWamWVpQ4H4xVAVmiO9dIEBAfbq4mduOA==}

  '@aws-sdk/util-user-agent-node@3.922.0':
    resolution: {integrity: sha512-NrPe/Rsr5kcGunkog0eBV+bY0inkRELsD2SacC4lQZvZiXf8VJ2Y7j+Yq1tB+h+FPLsdt3v9wItIvDf/laAm0Q==}
    engines: {node: '>=18.0.0'}
    peerDependencies:
      aws-crt: '>=1.0.0'
    peerDependenciesMeta:
      aws-crt:
        optional: true

  '@aws-sdk/xml-builder@3.921.0':
    resolution: {integrity: sha512-LVHg0jgjyicKKvpNIEMXIMr1EBViESxcPkqfOlT+X1FkmUMTNZEEVF18tOJg4m4hV5vxtkWcqtr4IEeWa1C41Q==}
    engines: {node: '>=18.0.0'}

  '@aws/lambda-invoke-store@0.1.1':
    resolution: {integrity: sha512-RcLam17LdlbSOSp9VxmUu1eI6Mwxp+OwhD2QhiSNmNCzoDb0EeUXTD2n/WbcnrAYMGlmf05th6QYq23VqvJqpA==}
    engines: {node: '>=18.0.0'}

  '@botpress/client@1.22.2':
    resolution: {integrity: sha512-9LXcm3rbnfyHupSr2xpzIXfcaTrSxgPOPFL3SklJ6EiqmmyAgPz+hSnCnPU8q/GNPs6vZ27BtCmJZmkFCK4Lxw==}
    engines: {node: '>=18.0.0'}

  '@botpress/sdk@4.15.3':
    resolution: {integrity: sha512-9lxnoJuNlwHJcbZ3x26ohJ0Evp0l2QvNzvpt+vovT/2YmOP7HHFjPnoOQJNg7HOuU4OhneO2W+jGmfoi3L7p0Q==}
    engines: {node: '>=18.0.0'}
    peerDependencies:
      '@bpinternal/zui': ^1.0.1
      esbuild: ^0.16.12
    peerDependenciesMeta:
      esbuild:
        optional: true

  '@bpinternal/zui@1.2.2':
    resolution: {integrity: sha512-Ngs3ySRoDTfWAeGYLnKLr4D4nvMh+MGlDt4vEzXnTzIWcvWK+u1CVPt81nr9ZgHzkhJkZEkZVgwbwADp7rQcrQ==}
    engines: {node: '>=16.0.0', pnpm: 8.6.2}

  '@smithy/abort-controller@4.2.4':
    resolution: {integrity: sha512-Z4DUr/AkgyFf1bOThW2HwzREagee0sB5ycl+hDiSZOfRLW8ZgrOjDi6g8mHH19yyU5E2A/64W3z6SMIf5XiUSQ==}
    engines: {node: '>=18.0.0'}

  '@smithy/config-resolver@4.4.2':
    resolution: {integrity: sha512-4Jys0ni2tB2VZzgslbEgszZyMdTkPOFGA8g+So/NjR8oy6Qwaq4eSwsrRI+NMtb0Dq4kqCzGUu/nGUx7OM/xfw==}
    engines: {node: '>=18.0.0'}

  '@smithy/core@3.17.2':
    resolution: {integrity: sha512-n3g4Nl1Te+qGPDbNFAYf+smkRVB+JhFsGy9uJXXZQEufoP4u0r+WLh6KvTDolCswaagysDc/afS1yvb2jnj1gQ==}
    engines: {node: '>=18.0.0'}

  '@smithy/credential-provider-imds@4.2.4':
    resolution: {integrity: sha512-YVNMjhdz2pVto5bRdux7GMs0x1m0Afz3OcQy/4Yf9DH4fWOtroGH7uLvs7ZmDyoBJzLdegtIPpXrpJOZWvUXdw==}
    engines: {node: '>=18.0.0'}

  '@smithy/fetch-http-handler@5.3.5':
    resolution: {integrity: sha512-mg83SM3FLI8Sa2ooTJbsh5MFfyMTyNRwxqpKHmE0ICRIa66Aodv80DMsTQI02xBLVJ0hckwqTRr5IGAbbWuFLQ==}
    engines: {node: '>=18.0.0'}

  '@smithy/hash-node@4.2.4':
    resolution: {integrity: sha512-kKU0gVhx/ppVMntvUOZE7WRMFW86HuaxLwvqileBEjL7PoILI8/djoILw3gPQloGVE6O0oOzqafxeNi2KbnUJw==}
    engines: {node: '>=18.0.0'}

  '@smithy/invalid-dependency@4.2.4':
    resolution: {integrity: sha512-z6aDLGiHzsMhbS2MjetlIWopWz//K+mCoPXjW6aLr0mypF+Y7qdEh5TyJ20Onf9FbWHiWl4eC+rITdizpnXqOw==}
    engines: {node: '>=18.0.0'}

  '@smithy/is-array-buffer@2.2.0':
    resolution: {integrity: sha512-GGP3O9QFD24uGeAXYUjwSTXARoqpZykHadOmA8G5vfJPK0/DC67qa//0qvqrJzL1xc8WQWX7/yc7fwudjPHPhA==}
    engines: {node: '>=14.0.0'}

  '@smithy/is-array-buffer@4.2.0':
    resolution: {integrity: sha512-DZZZBvC7sjcYh4MazJSGiWMI2L7E0oCiRHREDzIxi/M2LY79/21iXt6aPLHge82wi5LsuRF5A06Ds3+0mlh6CQ==}
    engines: {node: '>=18.0.0'}

  '@smithy/middleware-content-length@4.2.4':
    resolution: {integrity: sha512-hJRZuFS9UsElX4DJSJfoX4M1qXRH+VFiLMUnhsWvtOOUWRNvvOfDaUSdlNbjwv1IkpVjj/Rd/O59Jl3nhAcxow==}
    engines: {node: '>=18.0.0'}

  '@smithy/middleware-endpoint@4.3.6':
    resolution: {integrity: sha512-PXehXofGMFpDqr933rxD8RGOcZ0QBAWtuzTgYRAHAL2BnKawHDEdf/TnGpcmfPJGwonhginaaeJIKluEojiF/w==}
    engines: {node: '>=18.0.0'}

  '@smithy/middleware-retry@4.4.6':
    resolution: {integrity: sha512-OhLx131znrEDxZPAvH/OYufR9d1nB2CQADyYFN4C3V/NQS7Mg4V6uvxHC/Dr96ZQW8IlHJTJ+vAhKt6oxWRndA==}
    engines: {node: '>=18.0.0'}

  '@smithy/middleware-serde@4.2.4':
    resolution: {integrity: sha512-jUr3x2CDhV15TOX2/Uoz4gfgeqLrRoTQbYAuhLS7lcVKNev7FeYSJ1ebEfjk+l9kbb7k7LfzIR/irgxys5ZTOg==}
    engines: {node: '>=18.0.0'}

  '@smithy/middleware-stack@4.2.4':
    resolution: {integrity: sha512-Gy3TKCOnm9JwpFooldwAboazw+EFYlC+Bb+1QBsSi5xI0W5lX81j/P5+CXvD/9ZjtYKRgxq+kkqd/KOHflzvgA==}
    engines: {node: '>=18.0.0'}

  '@smithy/node-config-provider@4.3.4':
    resolution: {integrity: sha512-3X3w7qzmo4XNNdPKNS4nbJcGSwiEMsNsRSunMA92S4DJLLIrH5g1AyuOA2XKM9PAPi8mIWfqC+fnfKNsI4KvHw==}
    engines: {node: '>=18.0.0'}

  '@smithy/node-http-handler@4.4.4':
    resolution: {integrity: sha512-VXHGfzCXLZeKnFp6QXjAdy+U8JF9etfpUXD1FAbzY1GzsFJiDQRQIt2CnMUvUdz3/YaHNqT3RphVWMUpXTIODA==}
    engines: {node: '>=18.0.0'}

  '@smithy/property-provider@4.2.4':
    resolution: {integrity: sha512-g2DHo08IhxV5GdY3Cpt/jr0mkTlAD39EJKN27Jb5N8Fb5qt8KG39wVKTXiTRCmHHou7lbXR8nKVU14/aRUf86w==}
    engines: {node: '>=18.0.0'}

  '@smithy/protocol-http@5.3.4':
    resolution: {integrity: sha512-3sfFd2MAzVt0Q/klOmjFi3oIkxczHs0avbwrfn1aBqtc23WqQSmjvk77MBw9WkEQcwbOYIX5/2z4ULj8DuxSsw==}
    engines: {node: '>=18.0.0'}

  '@smithy/querystring-builder@4.2.4':
    resolution: {integrity: sha512-KQ1gFXXC+WsbPFnk7pzskzOpn4s+KheWgO3dzkIEmnb6NskAIGp/dGdbKisTPJdtov28qNDohQrgDUKzXZBLig==}
    engines: {node: '>=18.0.0'}

  '@smithy/querystring-parser@4.2.4':
    resolution: {integrity: sha512-aHb5cqXZocdzEkZ/CvhVjdw5l4r1aU/9iMEyoKzH4eXMowT6M0YjBpp7W/+XjkBnY8Xh0kVd55GKjnPKlCwinQ==}
    engines: {node: '>=18.0.0'}

  '@smithy/service-error-classification@4.2.4':
    resolution: {integrity: sha512-fdWuhEx4+jHLGeew9/IvqVU/fxT/ot70tpRGuOLxE3HzZOyKeTQfYeV1oaBXpzi93WOk668hjMuuagJ2/Qs7ng==}
    engines: {node: '>=18.0.0'}

  '@smithy/shared-ini-file-loader@4.3.4':
    resolution: {integrity: sha512-y5ozxeQ9omVjbnJo9dtTsdXj9BEvGx2X8xvRgKnV+/7wLBuYJQL6dOa/qMY6omyHi7yjt1OA97jZLoVRYi8lxA==}
    engines: {node: '>=18.0.0'}

  '@smithy/signature-v4@5.3.4':
    resolution: {integrity: sha512-ScDCpasxH7w1HXHYbtk3jcivjvdA1VICyAdgvVqKhKKwxi+MTwZEqFw0minE+oZ7F07oF25xh4FGJxgqgShz0A==}
    engines: {node: '>=18.0.0'}

  '@smithy/smithy-client@4.9.2':
    resolution: {integrity: sha512-gZU4uAFcdrSi3io8U99Qs/FvVdRxPvIMToi+MFfsy/DN9UqtknJ1ais+2M9yR8e0ASQpNmFYEKeIKVcMjQg3rg==}
    engines: {node: '>=18.0.0'}

  '@smithy/types@4.8.1':
    resolution: {integrity: sha512-N0Zn0OT1zc+NA+UVfkYqQzviRh5ucWwO7mBV3TmHHprMnfcJNfhlPicDkBHi0ewbh+y3evR6cNAW0Raxvb01NA==}
    engines: {node: '>=18.0.0'}

  '@smithy/url-parser@4.2.4':
    resolution: {integrity: sha512-w/N/Iw0/PTwJ36PDqU9PzAwVElo4qXxCC0eCTlUtIz/Z5V/2j/cViMHi0hPukSBHp4DVwvUlUhLgCzqSJ6plrg==}
    engines: {node: '>=18.0.0'}

  '@smithy/util-base64@4.3.0':
    resolution: {integrity: sha512-GkXZ59JfyxsIwNTWFnjmFEI8kZpRNIBfxKjv09+nkAWPt/4aGaEWMM04m4sxgNVWkbt2MdSvE3KF/PfX4nFedQ==}
    engines: {node: '>=18.0.0'}

  '@smithy/util-body-length-browser@4.2.0':
    resolution: {integrity: sha512-Fkoh/I76szMKJnBXWPdFkQJl2r9SjPt3cMzLdOB6eJ4Pnpas8hVoWPYemX/peO0yrrvldgCUVJqOAjUrOLjbxg==}
    engines: {node: '>=18.0.0'}

  '@smithy/util-body-length-node@4.2.1':
    resolution: {integrity: sha512-h53dz/pISVrVrfxV1iqXlx5pRg3V2YWFcSQyPyXZRrZoZj4R4DeWRDo1a7dd3CPTcFi3kE+98tuNyD2axyZReA==}
    engines: {node: '>=18.0.0'}

  '@smithy/util-buffer-from@2.2.0':
    resolution: {integrity: sha512-IJdWBbTcMQ6DA0gdNhh/BwrLkDR+ADW5Kr1aZmd4k3DIF6ezMV4R2NIAmT08wQJ3yUK82thHWmC/TnK/wpMMIA==}
    engines: {node: '>=14.0.0'}

  '@smithy/util-buffer-from@4.2.0':
    resolution: {integrity: sha512-kAY9hTKulTNevM2nlRtxAG2FQ3B2OR6QIrPY3zE5LqJy1oxzmgBGsHLWTcNhWXKchgA0WHW+mZkQrng/pgcCew==}
    engines: {node: '>=18.0.0'}

  '@smithy/util-config-provider@4.2.0':
    resolution: {integrity: sha512-YEjpl6XJ36FTKmD+kRJJWYvrHeUvm5ykaUS5xK+6oXffQPHeEM4/nXlZPe+Wu0lsgRUcNZiliYNh/y7q9c2y6Q==}
    engines: {node: '>=18.0.0'}

  '@smithy/util-defaults-mode-browser@4.3.5':
    resolution: {integrity: sha512-GwaGjv/QLuL/QHQaqhf/maM7+MnRFQQs7Bsl6FlaeK6lm6U7mV5AAnVabw68cIoMl5FQFyKK62u7RWRzWL25OQ==}
    engines: {node: '>=18.0.0'}

  '@smithy/util-defaults-mode-node@4.2.8':
    resolution: {integrity: sha512-gIoTf9V/nFSIZ0TtgDNLd+Ws59AJvijmMDYrOozoMHPJaG9cMRdqNO50jZTlbM6ydzQYY8L/mQ4tKSw/TB+s6g==}
    engines: {node: '>=18.0.0'}

  '@smithy/util-endpoints@3.2.4':
    resolution: {integrity: sha512-f+nBDhgYRCmUEDKEQb6q0aCcOTXRDqH5wWaFHJxt4anB4pKHlgGoYP3xtioKXH64e37ANUkzWf6p4Mnv1M5/Vg==}
    engines: {node: '>=18.0.0'}

  '@smithy/util-hex-encoding@4.2.0':
    resolution: {integrity: sha512-CCQBwJIvXMLKxVbO88IukazJD9a4kQ9ZN7/UMGBjBcJYvatpWk+9g870El4cB8/EJxfe+k+y0GmR9CAzkF+Nbw==}
    engines: {node: '>=18.0.0'}

  '@smithy/util-middleware@4.2.4':
    resolution: {integrity: sha512-fKGQAPAn8sgV0plRikRVo6g6aR0KyKvgzNrPuM74RZKy/wWVzx3BMk+ZWEueyN3L5v5EDg+P582mKU+sH5OAsg==}
    engines: {node: '>=18.0.0'}

  '@smithy/util-retry@4.2.4':
    resolution: {integrity: sha512-yQncJmj4dtv/isTXxRb4AamZHy4QFr4ew8GxS6XLWt7sCIxkPxPzINWd7WLISEFPsIan14zrKgvyAF+/yzfwoA==}
    engines: {node: '>=18.0.0'}

  '@smithy/util-stream@4.5.5':
    resolution: {integrity: sha512-7M5aVFjT+HPilPOKbOmQfCIPchZe4DSBc1wf1+NvHvSoFTiFtauZzT+onZvCj70xhXd0AEmYnZYmdJIuwxOo4w==}
    engines: {node: '>=18.0.0'}

  '@smithy/util-uri-escape@4.2.0':
    resolution: {integrity: sha512-igZpCKV9+E/Mzrpq6YacdTQ0qTiLm85gD6N/IrmyDvQFA4UnU3d5g3m8tMT/6zG/vVkWSU+VxeUyGonL62DuxA==}
    engines: {node: '>=18.0.0'}

  '@smithy/util-utf8@2.3.0':
    resolution: {integrity: sha512-R8Rdn8Hy72KKcebgLiv8jQcQkXoLMOGGv5uI1/k0l+snqkOzQ1R0ChUBCxWMlBsFMekWjq0wRudIweFs7sKT5A==}
    engines: {node: '>=14.0.0'}

  '@smithy/util-utf8@4.2.0':
    resolution: {integrity: sha512-zBPfuzoI8xyBtR2P6WQj63Rz8i3AmfAaJLuNG8dWsfvPe8lO4aCPYLn879mEgHndZH1zQ2oXmG8O1GGzzaoZiw==}
    engines: {node: '>=18.0.0'}

  '@smithy/uuid@1.1.0':
    resolution: {integrity: sha512-4aUIteuyxtBUhVdiQqcDhKFitwfd9hqoSDYY2KRXiWtgoWJ9Bmise+KfEPDiVHWeJepvF8xJO9/9+WDIciMFFw==}
    engines: {node: '>=18.0.0'}

  '@types/node@22.19.0':
    resolution: {integrity: sha512-xpr/lmLPQEj+TUnHmR+Ab91/glhJvsqcjB+yY0Ix9GO70H6Lb4FHH5GeqdOE5btAx7eIMwuHkp4H2MSkLcqWbA==}

  asynckit@0.4.0:
    resolution: {integrity: sha512-Oei9OH4tRh0YqU3GxhX79dM/mwVgvbZJaSNaRk+bshkj0S5cfHcgYakreBjrHwatXKbz+IoIdYLxrKim2MjW0Q==}

  axios-retry@4.5.0:
    resolution: {integrity: sha512-aR99oXhpEDGo0UuAlYcn2iGRds30k366Zfa05XWScR9QaQD4JYiP3/1Qt1u7YlefUOK+cn0CcwoL1oefavQUlQ==}
    peerDependencies:
      axios: 0.x || 1.x

  axios@1.13.2:
    resolution: {integrity: sha512-VPk9ebNqPcy5lRGuSlKx752IlDatOjT9paPlm8A7yOuW2Fbvp4X3JznJtT4f0GzGLLiWE9W8onz51SqLYwzGaA==}

  bowser@2.12.1:
    resolution: {integrity: sha512-z4rE2Gxh7tvshQ4hluIT7XcFrgLIQaw9X3A+kTTRdovCz5PMukm/0QC/BKSYPj3omF5Qfypn9O/c5kgpmvYUCw==}

  browser-or-node@2.1.1:
    resolution: {integrity: sha512-8CVjaLJGuSKMVTxJ2DpBl5XnlNDiT4cQFeuCJJrvJmts9YrTZDizTX7PjC2s6W4x+MBGZeEY6dGMrF04/6Hgqg==}

  call-bind-apply-helpers@1.0.2:
    resolution: {integrity: sha512-Sp1ablJ0ivDkSzjcaJdxEunN5/XvksFJ2sMBFfq6x0ryhQV/2b/KwFe21cMpmHtPOSij8K99/wSfoEuTObmuMQ==}
    engines: {node: '>= 0.4'}

  call-bound@1.0.4:
    resolution: {integrity: sha512-+ys997U96po4Kx/ABpBCqhA9EuxJaQWDQg7295H4hBphv3IZg0boBKuwYpt4YXp6MZ5AmZQnU/tyMTlRpaSejg==}
    engines: {node: '>= 0.4'}

  combined-stream@1.0.8:
    resolution: {integrity: sha512-FQN4MRfuJeHf7cBbBMJFXhKSDq+2kAArBlmRBvcvFE5BB1HZKXtSFASDhdlz9zOYwxh8lDdnvmMOe/+5cdoEdg==}
    engines: {node: '>= 0.8'}

  delayed-stream@1.0.0:
    resolution: {integrity: sha512-ZySD7Nf91aLB0RxL4KGrKHBXl7Eds1DAmEdcoVawXnLD7SDhpNgtuII2aAkg7a7QS41jxPSZ17p4VdGnMHk3MQ==}
    engines: {node: '>=0.4.0'}

  dunder-proto@1.0.1:
    resolution: {integrity: sha512-KIN/nDJBQRcXw0MLVhZE9iQHmG68qAVIBg9CqmUYjmQIhgij9U5MFvrqkUL5FbtyyzZuOeOt0zdeRe4UY7ct+A==}
    engines: {node: '>= 0.4'}

  es-define-property@1.0.1:
    resolution: {integrity: sha512-e3nRfgfUZ4rNGL232gUgX06QNyyez04KdjFrF+LTRoOXmrOgFKDg4BCdsjW8EnT69eqdYGmRpJwiPVYNrCaW3g==}
    engines: {node: '>= 0.4'}

  es-errors@1.3.0:
    resolution: {integrity: sha512-Zf5H2Kxt2xjTvbJvP2ZWLEICxA6j+hAmMzIlypy4xcBg1vKVnx89Wy0GbS+kf5cwCVFFzdCFh2XSCFNULS6csw==}
    engines: {node: '>= 0.4'}

  es-object-atoms@1.1.1:
    resolution: {integrity: sha512-FGgH2h8zKNim9ljj7dankFPcICIK9Cp5bm+c2gQSYePhpaG5+esrLODihIorn+Pe6FGJzWhXQotPv73jTaldXA==}
    engines: {node: '>= 0.4'}

  es-set-tostringtag@2.1.0:
    resolution: {integrity: sha512-j6vWzfrGVfyXxge+O0x5sh6cvxAog0a/4Rdd2K36zCMV5eJ+/+tOAngRO8cODMNWbVRdVlmGZQL2YS3yR8bIUA==}
    engines: {node: '>= 0.4'}

  fast-xml-parser@5.2.5:
    resolution: {integrity: sha512-pfX9uG9Ki0yekDHx2SiuRIyFdyAr1kMIMitPvb0YBo8SUfKvia7w7FIyd/l6av85pFYRhZscS75MwMnbvY+hcQ==}
    hasBin: true

  follow-redirects@1.15.11:
    resolution: {integrity: sha512-deG2P0JfjrTxl50XGCDyfI97ZGVCxIpfKYmfyrQ54n5FO/0gfIES8C/Psl6kWVDolizcaaxZJnTS0QSMxvnsBQ==}
    engines: {node: '>=4.0'}
    peerDependencies:
      debug: '*'
    peerDependenciesMeta:
      debug:
        optional: true

  form-data@4.0.4:
    resolution: {integrity: sha512-KrGhL9Q4zjj0kiUt5OO4Mr/A/jlI2jDYs5eHBpYHPcBEVSiipAvn2Ko2HnPe20rmcuuvMHNdZFp+4IlGTMF0Ow==}
    engines: {node: '>= 6'}

  function-bind@1.1.2:
    resolution: {integrity: sha512-7XHNxH7qX9xG5mIwxkhumTox/MIRNcOgDrxWsMt2pAr23WHp6MrRlN7FBSFpCpr+oVO0F744iUgR82nJMfG2SA==}

  get-intrinsic@1.3.0:
    resolution: {integrity: sha512-9fSjSaos/fRIVIp+xSJlE6lfwhES7LNtKaCBIamHsjr2na1BiABJPo0mOjjz8GJDURarmCPGqaiVg5mfjb98CQ==}
    engines: {node: '>= 0.4'}

  get-proto@1.0.1:
    resolution: {integrity: sha512-sTSfBjoXBp89JvIKIefqw7U2CCebsc74kiY6awiGogKtoSGbgjYE/G/+l9sF3MWFPNc9IcoOC4ODfKHfxFmp0g==}
    engines: {node: '>= 0.4'}

  gopd@1.2.0:
    resolution: {integrity: sha512-ZUKRh6/kUFoAiTAtTYPZJ3hw9wNxx+BIBOijnlG9PnrJsCcSjs1wyyD6vJpaYtgnzDrKYRSqf3OO6Rfa93xsRg==}
    engines: {node: '>= 0.4'}

  has-symbols@1.1.0:
    resolution: {integrity: sha512-1cDNdwJ2Jaohmb3sg4OmKaMBwuC48sYni5HUw2DvsC8LjGTLK9h+eb1X6RyuOHe4hT0ULCW68iomhjUoKUqlPQ==}
    engines: {node: '>= 0.4'}

  has-tostringtag@1.0.2:
    resolution: {integrity: sha512-NqADB8VjPFLM2V0VvHUewwwsw0ZWBaIdgo+ieHtK3hasLz4qeCRjYcqfB6AQrBggRKppKF8L52/VqdVsO47Dlw==}
    engines: {node: '>= 0.4'}

  hasown@2.0.2:
    resolution: {integrity: sha512-0hJU9SCPvmMzIBdZFqNPXWa6dqh7WdH0cII9y+CyS8rG3nL48Bclra9HmKhVVUHyPWNH5Y7xDwAB7bfgSjkUMQ==}
    engines: {node: '>= 0.4'}

  is-retry-allowed@2.2.0:
    resolution: {integrity: sha512-XVm7LOeLpTW4jV19QSH38vkswxoLud8sQ57YwJVTPWdiaI9I8keEhGFpBlslyVsgdQy4Opg8QOLb8YRgsyZiQg==}
    engines: {node: '>=10'}

  math-intrinsics@1.1.0:
    resolution: {integrity: sha512-/IXtbwEk5HTPyEwyKX6hGkYXxM9nbj64B+ilVJnC/R6B0pH5G4V3b0pVbL7DBj4tkhBAppbQUlf6F6Xl9LHu1g==}
    engines: {node: '>= 0.4'}

  mime-db@1.52.0:
    resolution: {integrity: sha512-sPU4uV7dYlvtWJxwwxHD0PuihVNiE7TyAbQ5SWxDCB9mUYvOgroQOwYQQOKPJ8CIbE+1ETVlOoK1UC2nU3gYvg==}
    engines: {node: '>= 0.6'}

  mime-types@2.1.35:
    resolution: {integrity: sha512-ZDY+bPm5zTTF+YpCrAU9nK0UgICYPT0QtT1NZWFv4s++TNkcgVaT0g6+4R2uI4MjQjzysHB1zxuWL50hzaeXiw==}
    engines: {node: '>= 0.6'}

  object-inspect@1.13.4:
    resolution: {integrity: sha512-W67iLl4J2EXEGTbfeHCffrjDfitvLANg0UlX3wFUUSTx92KXRFegMHUVgSqE+wvhAbi4WqjGg9czysTV2Epbew==}
    engines: {node: '>= 0.4'}

  proxy-from-env@1.1.0:
    resolution: {integrity: sha512-D+zkORCbA9f1tdWRK0RaCR3GPv50cMxcrz4X8k5LTSUD1Dkw47mKJEZQNunItRTkWwgtaUSo1RVFRIG9ZXiFYg==}

  qs@6.14.0:
    resolution: {integrity: sha512-YWWTjgABSKcvs/nWBi9PycY/JiPJqOD4JA6o9Sej2AtvSGarXxKC3OQSk4pAarbdQlKAh5D4FCQkJNkW+GAn3w==}
    engines: {node: '>=0.6'}

  side-channel-list@1.0.0:
    resolution: {integrity: sha512-FCLHtRD/gnpCiCHEiJLOwdmFP+wzCmDEkc9y7NsYxeF4u7Btsn1ZuwgwJGxImImHicJArLP4R0yX4c2KCrMrTA==}
    engines: {node: '>= 0.4'}

  side-channel-map@1.0.1:
    resolution: {integrity: sha512-VCjCNfgMsby3tTdo02nbjtM/ewra6jPHmpThenkTYh8pG9ucZ/1P8So4u4FGBek/BjpOVsDCMoLA/iuBKIFXRA==}
    engines: {node: '>= 0.4'}

  side-channel-weakmap@1.0.2:
    resolution: {integrity: sha512-WPS/HvHQTYnHisLo9McqBHOJk2FkHO/tlpvldyrnem4aeQp4hai3gythswg6p01oSoTl58rcpiFAjF2br2Ak2A==}
    engines: {node: '>= 0.4'}

  side-channel@1.1.0:
    resolution: {integrity: sha512-ZX99e6tRweoUXqR+VBrslhda51Nh5MTQwou5tnUDgbtyM0dBgmhEDtWGP/xbKn6hqfPRHujUNwz5fy/wbbhnpw==}
    engines: {node: '>= 0.4'}

  strnum@2.1.1:
    resolution: {integrity: sha512-7ZvoFTiCnGxBtDqJ//Cu6fWtZtc7Y3x+QOirG15wztbdngGSkht27o2pyGWrVy0b4WAy3jbKmnoK6g5VlVNUUw==}

  tslib@2.8.1:
    resolution: {integrity: sha512-oJFu94HQb+KVduSUQL7wnpmqnfmLsOA/nAh6b6EH0wCEoK0/mPeXU6c3wKDV83MkOuHPRHtSXKKU99IBazS/2w==}

  typescript@5.9.3:
    resolution: {integrity: sha512-jl1vZzPDinLr9eUt3J/t7V6FgNEw9QjvBPdysz9KfQDD41fQrC2Y4vKQdiaUpFT4bXlb1RHhLpp8wtm6M5TgSw==}
    engines: {node: '>=14.17'}
    hasBin: true

  undici-types@6.21.0:
    resolution: {integrity: sha512-iwDZqg0QAGrg9Rav5H4n0M64c3mkR59cJ6wQp+7C4nI0gsmExaedaYLNO44eT4AtBBwjbTiGPMlt2Md0T9H9JQ==}

snapshots:

  '@aws-crypto/sha256-browser@5.2.0':
    dependencies:
      '@aws-crypto/sha256-js': 5.2.0
      '@aws-crypto/supports-web-crypto': 5.2.0
      '@aws-crypto/util': 5.2.0
      '@aws-sdk/types': 3.922.0
      '@aws-sdk/util-locate-window': 3.893.0
      '@smithy/util-utf8': 2.3.0
      tslib: 2.8.1

  '@aws-crypto/sha256-js@5.2.0':
    dependencies:
      '@aws-crypto/util': 5.2.0
      '@aws-sdk/types': 3.922.0
      tslib: 2.8.1

  '@aws-crypto/supports-web-crypto@5.2.0':
    dependencies:
      tslib: 2.8.1

  '@aws-crypto/util@5.2.0':
    dependencies:
      '@aws-sdk/types': 3.922.0
      '@smithy/util-utf8': 2.3.0
      tslib: 2.8.1

  '@aws-sdk/client-sesv2@3.922.0':
    dependencies:
      '@aws-crypto/sha256-browser': 5.2.0
      '@aws-crypto/sha256-js': 5.2.0
      '@aws-sdk/core': 3.922.0
      '@aws-sdk/credential-provider-node': 3.922.0
      '@aws-sdk/middleware-host-header': 3.922.0
      '@aws-sdk/middleware-logger': 3.922.0
      '@aws-sdk/middleware-recursion-detection': 3.922.0
      '@aws-sdk/middleware-user-agent': 3.922.0
      '@aws-sdk/region-config-resolver': 3.922.0
      '@aws-sdk/signature-v4-multi-region': 3.922.0
      '@aws-sdk/types': 3.922.0
      '@aws-sdk/util-endpoints': 3.922.0
      '@aws-sdk/util-user-agent-browser': 3.922.0
      '@aws-sdk/util-user-agent-node': 3.922.0
      '@smithy/config-resolver': 4.4.2
      '@smithy/core': 3.17.2
      '@smithy/fetch-http-handler': 5.3.5
      '@smithy/hash-node': 4.2.4
      '@smithy/invalid-dependency': 4.2.4
      '@smithy/middleware-content-length': 4.2.4
      '@smithy/middleware-endpoint': 4.3.6
      '@smithy/middleware-retry': 4.4.6
      '@smithy/middleware-serde': 4.2.4
      '@smithy/middleware-stack': 4.2.4
      '@smithy/node-config-provider': 4.3.4
      '@smithy/node-http-handler': 4.4.4
      '@smithy/protocol-http': 5.3.4
      '@smithy/smithy-client': 4.9.2
      '@smithy/types': 4.8.1
      '@smithy/url-parser': 4.2.4
      '@smithy/util-base64': 4.3.0
      '@smithy/util-body-length-browser': 4.2.0
      '@smithy/util-body-length-node': 4.2.1
      '@smithy/util-defaults-mode-browser': 4.3.5
      '@smithy/util-defaults-mode-node': 4.2.8
      '@smithy/util-endpoints': 3.2.4
      '@smithy/util-middleware': 4.2.4
      '@smithy/util-retry': 4.2.4
      '@smithy/util-utf8': 4.2.0
      tslib: 2.8.1
    transitivePeerDependencies:
      - aws-crt

  '@aws-sdk/client-sso@3.922.0':
    dependencies:
      '@aws-crypto/sha256-browser': 5.2.0
      '@aws-crypto/sha256-js': 5.2.0
      '@aws-sdk/core': 3.922.0
      '@aws-sdk/middleware-host-header': 3.922.0
      '@aws-sdk/middleware-logger': 3.922.0
      '@aws-sdk/middleware-recursion-detection': 3.922.0
      '@aws-sdk/middleware-user-agent': 3.922.0
      '@aws-sdk/region-config-resolver': 3.922.0
      '@aws-sdk/types': 3.922.0
      '@aws-sdk/util-endpoints': 3.922.0
      '@aws-sdk/util-user-agent-browser': 3.922.0
      '@aws-sdk/util-user-agent-node': 3.922.0
      '@smithy/config-resolver': 4.4.2
      '@smithy/core': 3.17.2
      '@smithy/fetch-http-handler': 5.3.5
      '@smithy/hash-node': 4.2.4
      '@smithy/invalid-dependency': 4.2.4
      '@smithy/middleware-content-length': 4.2.4
      '@smithy/middleware-endpoint': 4.3.6
      '@smithy/middleware-retry': 4.4.6
      '@smithy/middleware-serde': 4.2.4
      '@smithy/middleware-stack': 4.2.4
      '@smithy/node-config-provider': 4.3.4
      '@smithy/node-http-handler': 4.4.4
      '@smithy/protocol-http': 5.3.4
      '@smithy/smithy-client': 4.9.2
      '@smithy/types': 4.8.1
      '@smithy/url-parser': 4.2.4
      '@smithy/util-base64': 4.3.0
      '@smithy/util-body-length-browser': 4.2.0
      '@smithy/util-body-length-node': 4.2.1
      '@smithy/util-defaults-mode-browser': 4.3.5
      '@smithy/util-defaults-mode-node': 4.2.8
      '@smithy/util-endpoints': 3.2.4
      '@smithy/util-middleware': 4.2.4
      '@smithy/util-retry': 4.2.4
      '@smithy/util-utf8': 4.2.0
      tslib: 2.8.1
    transitivePeerDependencies:
      - aws-crt

  '@aws-sdk/core@3.922.0':
    dependencies:
      '@aws-sdk/types': 3.922.0
      '@aws-sdk/xml-builder': 3.921.0
      '@smithy/core': 3.17.2
      '@smithy/node-config-provider': 4.3.4
      '@smithy/property-provider': 4.2.4
      '@smithy/protocol-http': 5.3.4
      '@smithy/signature-v4': 5.3.4
      '@smithy/smithy-client': 4.9.2
      '@smithy/types': 4.8.1
      '@smithy/util-base64': 4.3.0
      '@smithy/util-middleware': 4.2.4
      '@smithy/util-utf8': 4.2.0
      tslib: 2.8.1

  '@aws-sdk/credential-provider-env@3.922.0':
    dependencies:
      '@aws-sdk/core': 3.922.0
      '@aws-sdk/types': 3.922.0
      '@smithy/property-provider': 4.2.4
      '@smithy/types': 4.8.1
      tslib: 2.8.1

  '@aws-sdk/credential-provider-http@3.922.0':
    dependencies:
      '@aws-sdk/core': 3.922.0
      '@aws-sdk/types': 3.922.0
      '@smithy/fetch-http-handler': 5.3.5
      '@smithy/node-http-handler': 4.4.4
      '@smithy/property-provider': 4.2.4
      '@smithy/protocol-http': 5.3.4
      '@smithy/smithy-client': 4.9.2
      '@smithy/types': 4.8.1
      '@smithy/util-stream': 4.5.5
      tslib: 2.8.1

  '@aws-sdk/credential-provider-ini@3.922.0':
    dependencies:
      '@aws-sdk/core': 3.922.0
      '@aws-sdk/credential-provider-env': 3.922.0
      '@aws-sdk/credential-provider-http': 3.922.0
      '@aws-sdk/credential-provider-process': 3.922.0
      '@aws-sdk/credential-provider-sso': 3.922.0
      '@aws-sdk/credential-provider-web-identity': 3.922.0
      '@aws-sdk/nested-clients': 3.922.0
      '@aws-sdk/types': 3.922.0
      '@smithy/credential-provider-imds': 4.2.4
      '@smithy/property-provider': 4.2.4
      '@smithy/shared-ini-file-loader': 4.3.4
      '@smithy/types': 4.8.1
      tslib: 2.8.1
    transitivePeerDependencies:
      - aws-crt

  '@aws-sdk/credential-provider-node@3.922.0':
    dependencies:
      '@aws-sdk/credential-provider-env': 3.922.0
      '@aws-sdk/credential-provider-http': 3.922.0
      '@aws-sdk/credential-provider-ini': 3.922.0
      '@aws-sdk/credential-provider-process': 3.922.0
      '@aws-sdk/credential-provider-sso': 3.922.0
      '@aws-sdk/credential-provider-web-identity': 3.922.0
      '@aws-sdk/types': 3.922.0
      '@smithy/credential-provider-imds': 4.2.4
      '@smithy/property-provider': 4.2.4
      '@smithy/shared-ini-file-loader': 4.3.4
      '@smithy/types': 4.8.1
      tslib: 2.8.1
    transitivePeerDependencies:
      - aws-crt

  '@aws-sdk/credential-provider-process@3.922.0':
    dependencies:
      '@aws-sdk/core': 3.922.0
      '@aws-sdk/types': 3.922.0
      '@smithy/property-provider': 4.2.4
      '@smithy/shared-ini-file-loader': 4.3.4
      '@smithy/types': 4.8.1
      tslib: 2.8.1

  '@aws-sdk/credential-provider-sso@3.922.0':
    dependencies:
      '@aws-sdk/client-sso': 3.922.0
      '@aws-sdk/core': 3.922.0
      '@aws-sdk/token-providers': 3.922.0
      '@aws-sdk/types': 3.922.0
      '@smithy/property-provider': 4.2.4
      '@smithy/shared-ini-file-loader': 4.3.4
      '@smithy/types': 4.8.1
      tslib: 2.8.1
    transitivePeerDependencies:
      - aws-crt

  '@aws-sdk/credential-provider-web-identity@3.922.0':
    dependencies:
      '@aws-sdk/core': 3.922.0
      '@aws-sdk/nested-clients': 3.922.0
      '@aws-sdk/types': 3.922.0
      '@smithy/property-provider': 4.2.4
      '@smithy/shared-ini-file-loader': 4.3.4
      '@smithy/types': 4.8.1
      tslib: 2.8.1
    transitivePeerDependencies:
      - aws-crt

  '@aws-sdk/middleware-host-header@3.922.0':
    dependencies:
      '@aws-sdk/types': 3.922.0
      '@smithy/protocol-http': 5.3.4
      '@smithy/types': 4.8.1
      tslib: 2.8.1

  '@aws-sdk/middleware-logger@3.922.0':
    dependencies:
      '@aws-sdk/types': 3.922.0
      '@smithy/types': 4.8.1
      tslib: 2.8.1

  '@aws-sdk/middleware-recursion-detection@3.922.0':
    dependencies:
      '@aws-sdk/types': 3.922.0
      '@aws/lambda-invoke-store': 0.1.1
      '@smithy/protocol-http': 5.3.4
      '@smithy/types': 4.8.1
      tslib: 2.8.1

  '@aws-sdk/middleware-sdk-s3@3.922.0':
    dependencies:
      '@aws-sdk/core': 3.922.0
      '@aws-sdk/types': 3.922.0
      '@aws-sdk/util-arn-parser': 3.893.0
      '@smithy/core': 3.17.2
      '@smithy/node-config-provider': 4.3.4
      '@smithy/protocol-http': 5.3.4
      '@smithy/signature-v4': 5.3.4
      '@smithy/smithy-client': 4.9.2
      '@smithy/types': 4.8.1
      '@smithy/util-config-provider': 4.2.0
      '@smithy/util-middleware': 4.2.4
      '@smithy/util-stream': 4.5.5
      '@smithy/util-utf8': 4.2.0
      tslib: 2.8.1

  '@aws-sdk/middleware-user-agent@3.922.0':
    dependencies:
      '@aws-sdk/core': 3.922.0
      '@aws-sdk/types': 3.922.0
      '@aws-sdk/util-endpoints': 3.922.0
      '@smithy/core': 3.17.2
      '@smithy/protocol-http': 5.3.4
      '@smithy/types': 4.8.1
      tslib: 2.8.1

  '@aws-sdk/nested-clients@3.922.0':
    dependencies:
      '@aws-crypto/sha256-browser': 5.2.0
      '@aws-crypto/sha256-js': 5.2.0
      '@aws-sdk/core': 3.922.0
      '@aws-sdk/middleware-host-header': 3.922.0
      '@aws-sdk/middleware-logger': 3.922.0
      '@aws-sdk/middleware-recursion-detection': 3.922.0
      '@aws-sdk/middleware-user-agent': 3.922.0
      '@aws-sdk/region-config-resolver': 3.922.0
      '@aws-sdk/types': 3.922.0
      '@aws-sdk/util-endpoints': 3.922.0
      '@aws-sdk/util-user-agent-browser': 3.922.0
      '@aws-sdk/util-user-agent-node': 3.922.0
      '@smithy/config-resolver': 4.4.2
      '@smithy/core': 3.17.2
      '@smithy/fetch-http-handler': 5.3.5
      '@smithy/hash-node': 4.2.4
      '@smithy/invalid-dependency': 4.2.4
      '@smithy/middleware-content-length': 4.2.4
      '@smithy/middleware-endpoint': 4.3.6
      '@smithy/middleware-retry': 4.4.6
      '@smithy/middleware-serde': 4.2.4
      '@smithy/middleware-stack': 4.2.4
      '@smithy/node-config-provider': 4.3.4
      '@smithy/node-http-handler': 4.4.4
      '@smithy/protocol-http': 5.3.4
      '@smithy/smithy-client': 4.9.2
      '@smithy/types': 4.8.1
      '@smithy/url-parser': 4.2.4
      '@smithy/util-base64': 4.3.0
      '@smithy/util-body-length-browser': 4.2.0
      '@smithy/util-body-length-node': 4.2.1
      '@smithy/util-defaults-mode-browser': 4.3.5
      '@smithy/util-defaults-mode-node': 4.2.8
      '@smithy/util-endpoints': 3.2.4
      '@smithy/util-middleware': 4.2.4
      '@smithy/util-retry': 4.2.4
      '@smithy/util-utf8': 4.2.0
      tslib: 2.8.1
    transitivePeerDependencies:
      - aws-crt

  '@aws-sdk/region-config-resolver@3.922.0':
    dependencies:
      '@aws-sdk/types': 3.922.0
      '@smithy/config-resolver': 4.4.2
      '@smithy/node-config-provider': 4.3.4
      '@smithy/types': 4.8.1
      tslib: 2.8.1

  '@aws-sdk/signature-v4-multi-region@3.922.0':
    dependencies:
      '@aws-sdk/middleware-sdk-s3': 3.922.0
      '@aws-sdk/types': 3.922.0
      '@smithy/protocol-http': 5.3.4
      '@smithy/signature-v4': 5.3.4
      '@smithy/types': 4.8.1
      tslib: 2.8.1

  '@aws-sdk/token-providers@3.922.0':
    dependencies:
      '@aws-sdk/core': 3.922.0
      '@aws-sdk/nested-clients': 3.922.0
      '@aws-sdk/types': 3.922.0
      '@smithy/property-provider': 4.2.4
      '@smithy/shared-ini-file-loader': 4.3.4
      '@smithy/types': 4.8.1
      tslib: 2.8.1
    transitivePeerDependencies:
      - aws-crt

  '@aws-sdk/types@3.922.0':
    dependencies:
      '@smithy/types': 4.8.1
      tslib: 2.8.1

  '@aws-sdk/util-arn-parser@3.893.0':
    dependencies:
      tslib: 2.8.1

  '@aws-sdk/util-endpoints@3.922.0':
    dependencies:
      '@aws-sdk/types': 3.922.0
      '@smithy/types': 4.8.1
      '@smithy/url-parser': 4.2.4
      '@smithy/util-endpoints': 3.2.4
      tslib: 2.8.1

  '@aws-sdk/util-locate-window@3.893.0':
    dependencies:
      tslib: 2.8.1

  '@aws-sdk/util-user-agent-browser@3.922.0':
    dependencies:
      '@aws-sdk/types': 3.922.0
      '@smithy/types': 4.8.1
      bowser: 2.12.1
      tslib: 2.8.1

  '@aws-sdk/util-user-agent-node@3.922.0':
    dependencies:
      '@aws-sdk/middleware-user-agent': 3.922.0
      '@aws-sdk/types': 3.922.0
      '@smithy/node-config-provider': 4.3.4
      '@smithy/types': 4.8.1
      tslib: 2.8.1

  '@aws-sdk/xml-builder@3.921.0':
    dependencies:
      '@smithy/types': 4.8.1
      fast-xml-parser: 5.2.5
      tslib: 2.8.1

  '@aws/lambda-invoke-store@0.1.1': {}

  '@botpress/client@1.22.2':
    dependencies:
      axios: 1.13.2
      axios-retry: 4.5.0(axios@1.13.2)
      browser-or-node: 2.1.1
      qs: 6.14.0
    transitivePeerDependencies:
      - debug

  '@botpress/sdk@4.15.3(@bpinternal/zui@1.2.2)':
    dependencies:
      '@botpress/client': 1.22.2
      '@bpinternal/zui': 1.2.2
      browser-or-node: 2.1.1
    transitivePeerDependencies:
      - debug

  '@bpinternal/zui@1.2.2': {}

  '@smithy/abort-controller@4.2.4':
    dependencies:
      '@smithy/types': 4.8.1
      tslib: 2.8.1

  '@smithy/config-resolver@4.4.2':
    dependencies:
      '@smithy/node-config-provider': 4.3.4
      '@smithy/types': 4.8.1
      '@smithy/util-config-provider': 4.2.0
      '@smithy/util-endpoints': 3.2.4
      '@smithy/util-middleware': 4.2.4
      tslib: 2.8.1

  '@smithy/core@3.17.2':
    dependencies:
      '@smithy/middleware-serde': 4.2.4
      '@smithy/protocol-http': 5.3.4
      '@smithy/types': 4.8.1
      '@smithy/util-base64': 4.3.0
      '@smithy/util-body-length-browser': 4.2.0
      '@smithy/util-middleware': 4.2.4
      '@smithy/util-stream': 4.5.5
      '@smithy/util-utf8': 4.2.0
      '@smithy/uuid': 1.1.0
      tslib: 2.8.1

  '@smithy/credential-provider-imds@4.2.4':
    dependencies:
      '@smithy/node-config-provider': 4.3.4
      '@smithy/property-provider': 4.2.4
      '@smithy/types': 4.8.1
      '@smithy/url-parser': 4.2.4
      tslib: 2.8.1

  '@smithy/fetch-http-handler@5.3.5':
    dependencies:
      '@smithy/protocol-http': 5.3.4
      '@smithy/querystring-builder': 4.2.4
      '@smithy/types': 4.8.1
      '@smithy/util-base64': 4.3.0
      tslib: 2.8.1

  '@smithy/hash-node@4.2.4':
    dependencies:
      '@smithy/types': 4.8.1
      '@smithy/util-buffer-from': 4.2.0
      '@smithy/util-utf8': 4.2.0
      tslib: 2.8.1

  '@smithy/invalid-dependency@4.2.4':
    dependencies:
      '@smithy/types': 4.8.1
      tslib: 2.8.1

  '@smithy/is-array-buffer@2.2.0':
    dependencies:
      tslib: 2.8.1

  '@smithy/is-array-buffer@4.2.0':
    dependencies:
      tslib: 2.8.1

  '@smithy/middleware-content-length@4.2.4':
    dependencies:
      '@smithy/protocol-http': 5.3.4
      '@smithy/types': 4.8.1
      tslib: 2.8.1

  '@smithy/middleware-endpoint@4.3.6':
    dependencies:
      '@smithy/core': 3.17.2
      '@smithy/middleware-serde': 4.2.4
      '@smithy/node-config-provider': 4.3.4
      '@smithy/shared-ini-file-loader': 4.3.4
      '@smithy/types': 4.8.1
      '@smithy/url-parser': 4.2.4
      '@smithy/util-middleware': 4.2.4
      tslib: 2.8.1

  '@smithy/middleware-retry@4.4.6':
    dependencies:
      '@smithy/node-config-provider': 4.3.4
      '@smithy/protocol-http': 5.3.4
      '@smithy/service-error-classification': 4.2.4
      '@smithy/smithy-client': 4.9.2
      '@smithy/types': 4.8.1
      '@smithy/util-middleware': 4.2.4
      '@smithy/util-retry': 4.2.4
      '@smithy/uuid': 1.1.0
      tslib: 2.8.1

  '@smithy/middleware-serde@4.2.4':
    dependencies:
      '@smithy/protocol-http': 5.3.4
      '@smithy/types': 4.8.1
      tslib: 2.8.1

  '@smithy/middleware-stack@4.2.4':
    dependencies:
      '@smithy/types': 4.8.1
      tslib: 2.8.1

  '@smithy/node-config-provider@4.3.4':
    dependencies:
      '@smithy/property-provider': 4.2.4
      '@smithy/shared-ini-file-loader': 4.3.4
      '@smithy/types': 4.8.1
      tslib: 2.8.1

  '@smithy/node-http-handler@4.4.4':
    dependencies:
      '@smithy/abort-controller': 4.2.4
      '@smithy/protocol-http': 5.3.4
      '@smithy/querystring-builder': 4.2.4
      '@smithy/types': 4.8.1
      tslib: 2.8.1

  '@smithy/property-provider@4.2.4':
    dependencies:
      '@smithy/types': 4.8.1
      tslib: 2.8.1

  '@smithy/protocol-http@5.3.4':
    dependencies:
      '@smithy/types': 4.8.1
      tslib: 2.8.1

  '@smithy/querystring-builder@4.2.4':
    dependencies:
      '@smithy/types': 4.8.1
      '@smithy/util-uri-escape': 4.2.0
      tslib: 2.8.1

  '@smithy/querystring-parser@4.2.4':
    dependencies:
      '@smithy/types': 4.8.1
      tslib: 2.8.1

  '@smithy/service-error-classification@4.2.4':
    dependencies:
      '@smithy/types': 4.8.1

  '@smithy/shared-ini-file-loader@4.3.4':
    dependencies:
      '@smithy/types': 4.8.1
      tslib: 2.8.1

  '@smithy/signature-v4@5.3.4':
    dependencies:
      '@smithy/is-array-buffer': 4.2.0
      '@smithy/protocol-http': 5.3.4
      '@smithy/types': 4.8.1
      '@smithy/util-hex-encoding': 4.2.0
      '@smithy/util-middleware': 4.2.4
      '@smithy/util-uri-escape': 4.2.0
      '@smithy/util-utf8': 4.2.0
      tslib: 2.8.1

  '@smithy/smithy-client@4.9.2':
    dependencies:
      '@smithy/core': 3.17.2
      '@smithy/middleware-endpoint': 4.3.6
      '@smithy/middleware-stack': 4.2.4
      '@smithy/protocol-http': 5.3.4
      '@smithy/types': 4.8.1
      '@smithy/util-stream': 4.5.5
      tslib: 2.8.1

  '@smithy/types@4.8.1':
    dependencies:
      tslib: 2.8.1

  '@smithy/url-parser@4.2.4':
    dependencies:
      '@smithy/querystring-parser': 4.2.4
      '@smithy/types': 4.8.1
      tslib: 2.8.1

  '@smithy/util-base64@4.3.0':
    dependencies:
      '@smithy/util-buffer-from': 4.2.0
      '@smithy/util-utf8': 4.2.0
      tslib: 2.8.1

  '@smithy/util-body-length-browser@4.2.0':
    dependencies:
      tslib: 2.8.1

  '@smithy/util-body-length-node@4.2.1':
    dependencies:
      tslib: 2.8.1

  '@smithy/util-buffer-from@2.2.0':
    dependencies:
      '@smithy/is-array-buffer': 2.2.0
      tslib: 2.8.1

  '@smithy/util-buffer-from@4.2.0':
    dependencies:
      '@smithy/is-array-buffer': 4.2.0
      tslib: 2.8.1

  '@smithy/util-config-provider@4.2.0':
    dependencies:
      tslib: 2.8.1

  '@smithy/util-defaults-mode-browser@4.3.5':
    dependencies:
      '@smithy/property-provider': 4.2.4
      '@smithy/smithy-client': 4.9.2
      '@smithy/types': 4.8.1
      tslib: 2.8.1

  '@smithy/util-defaults-mode-node@4.2.8':
    dependencies:
      '@smithy/config-resolver': 4.4.2
      '@smithy/credential-provider-imds': 4.2.4
      '@smithy/node-config-provider': 4.3.4
      '@smithy/property-provider': 4.2.4
      '@smithy/smithy-client': 4.9.2
      '@smithy/types': 4.8.1
      tslib: 2.8.1

  '@smithy/util-endpoints@3.2.4':
    dependencies:
      '@smithy/node-config-provider': 4.3.4
      '@smithy/types': 4.8.1
      tslib: 2.8.1

  '@smithy/util-hex-encoding@4.2.0':
    dependencies:
      tslib: 2.8.1

  '@smithy/util-middleware@4.2.4':
    dependencies:
      '@smithy/types': 4.8.1
      tslib: 2.8.1

  '@smithy/util-retry@4.2.4':
    dependencies:
      '@smithy/service-error-classification': 4.2.4
      '@smithy/types': 4.8.1
      tslib: 2.8.1

  '@smithy/util-stream@4.5.5':
    dependencies:
      '@smithy/fetch-http-handler': 5.3.5
      '@smithy/node-http-handler': 4.4.4
      '@smithy/types': 4.8.1
      '@smithy/util-base64': 4.3.0
      '@smithy/util-buffer-from': 4.2.0
      '@smithy/util-hex-encoding': 4.2.0
      '@smithy/util-utf8': 4.2.0
      tslib: 2.8.1

  '@smithy/util-uri-escape@4.2.0':
    dependencies:
      tslib: 2.8.1

  '@smithy/util-utf8@2.3.0':
    dependencies:
      '@smithy/util-buffer-from': 2.2.0
      tslib: 2.8.1

  '@smithy/util-utf8@4.2.0':
    dependencies:
      '@smithy/util-buffer-from': 4.2.0
      tslib: 2.8.1

  '@smithy/uuid@1.1.0':
    dependencies:
      tslib: 2.8.1

  '@types/node@22.19.0':
    dependencies:
      undici-types: 6.21.0

  asynckit@0.4.0: {}

  axios-retry@4.5.0(axios@1.13.2):
    dependencies:
      axios: 1.13.2
      is-retry-allowed: 2.2.0

  axios@1.13.2:
    dependencies:
      follow-redirects: 1.15.11
      form-data: 4.0.4
      proxy-from-env: 1.1.0
    transitivePeerDependencies:
      - debug

  bowser@2.12.1: {}

  browser-or-node@2.1.1: {}

  call-bind-apply-helpers@1.0.2:
    dependencies:
      es-errors: 1.3.0
      function-bind: 1.1.2

  call-bound@1.0.4:
    dependencies:
      call-bind-apply-helpers: 1.0.2
      get-intrinsic: 1.3.0

  combined-stream@1.0.8:
    dependencies:
      delayed-stream: 1.0.0

  delayed-stream@1.0.0: {}

  dunder-proto@1.0.1:
    dependencies:
      call-bind-apply-helpers: 1.0.2
      es-errors: 1.3.0
      gopd: 1.2.0

  es-define-property@1.0.1: {}

  es-errors@1.3.0: {}

  es-object-atoms@1.1.1:
    dependencies:
      es-errors: 1.3.0

  es-set-tostringtag@2.1.0:
    dependencies:
      es-errors: 1.3.0
      get-intrinsic: 1.3.0
      has-tostringtag: 1.0.2
      hasown: 2.0.2

  fast-xml-parser@5.2.5:
    dependencies:
      strnum: 2.1.1

  follow-redirects@1.15.11: {}

  form-data@4.0.4:
    dependencies:
      asynckit: 0.4.0
      combined-stream: 1.0.8
      es-set-tostringtag: 2.1.0
      hasown: 2.0.2
      mime-types: 2.1.35

  function-bind@1.1.2: {}

  get-intrinsic@1.3.0:
    dependencies:
      call-bind-apply-helpers: 1.0.2
      es-define-property: 1.0.1
      es-errors: 1.3.0
      es-object-atoms: 1.1.1
      function-bind: 1.1.2
      get-proto: 1.0.1
      gopd: 1.2.0
      has-symbols: 1.1.0
      hasown: 2.0.2
      math-intrinsics: 1.1.0

  get-proto@1.0.1:
    dependencies:
      dunder-proto: 1.0.1
      es-object-atoms: 1.1.1

  gopd@1.2.0: {}

  has-symbols@1.1.0: {}

  has-tostringtag@1.0.2:
    dependencies:
      has-symbols: 1.1.0

  hasown@2.0.2:
    dependencies:
      function-bind: 1.1.2

  is-retry-allowed@2.2.0: {}

  math-intrinsics@1.1.0: {}

  mime-db@1.52.0: {}

  mime-types@2.1.35:
    dependencies:
      mime-db: 1.52.0

  object-inspect@1.13.4: {}

  proxy-from-env@1.1.0: {}

  qs@6.14.0:
    dependencies:
      side-channel: 1.1.0

  side-channel-list@1.0.0:
    dependencies:
      es-errors: 1.3.0
      object-inspect: 1.13.4

  side-channel-map@1.0.1:
    dependencies:
      call-bound: 1.0.4
      es-errors: 1.3.0
      get-intrinsic: 1.3.0
      object-inspect: 1.13.4

  side-channel-weakmap@1.0.2:
    dependencies:
      call-bound: 1.0.4
      es-errors: 1.3.0
      get-intrinsic: 1.3.0
      object-inspect: 1.13.4
      side-channel-map: 1.0.1

  side-channel@1.1.0:
    dependencies:
      es-errors: 1.3.0
      object-inspect: 1.13.4
      side-channel-list: 1.0.0
      side-channel-map: 1.0.1
      side-channel-weakmap: 1.0.2

  strnum@2.1.1: {}

  tslib@2.8.1: {}

  typescript@5.9.3: {}

  undici-types@6.21.0: {}
